
Microsoft Visual Studio Solution File, Format Version 12.00
# Visual Studio 15
VisualStudioVersion = 15.0.26823.1
MinimumVisualStudioVersion = 10.0.40219.1
Project("{FAE04EC0-301F-11D3-BF4B-00C04F79EFBC}") = "datacentrePerformance", "src\datacentrePerformance\datacentrePerformance.csproj", "{BF9BFE7E-FA7D-4FF9-BDA0-CEEFC344B39E}"
EndProject
Project("{9A19103F-16F7-4668-BE54-9A1E7A4F7556}") = "LamedalCore", "..\LamedalCore\src\LamedalCore.csproj", "{2CA2D5F6-2496-45DD-B58C-62BEEAEA6D9D}"
EndProject
Project("{9A19103F-16F7-4668-BE54-9A1E7A4F7556}") = "Lamedal_UIWinForms", "..\Lamedal_WinForms\src\Lamedal_UIWinForms.csproj", "{1F34FF50-61F1-483E-A80C-2B23B5320A84}"
EndProject
Project("{FAE04EC0-301F-11D3-BF4B-00C04F79EFBC}") = "LamedalCore.Test", "..\LamedalCore\tests\LamedalCore.Test.csproj", "{66311AA8-6427-4B6A-840A-0E8C6D0A2B05}"
EndProject
Project("{FAE04EC0-301F-11D3-BF4B-00C04F79EFBC}") = "datacentrePerformance.Test", "tests\datacentrePerformance.Test.csproj", "{0E838B00-E65F-4A74-A9AA-F01B945D5821}"
EndProject
Global
	GlobalSection(SolutionConfigurationPlatforms) = preSolution
		Debug|Any CPU = Debug|Any CPU
		Release|Any CPU = Release|Any CPU
	EndGlobalSection
	GlobalSection(ProjectConfigurationPlatforms) = postSolution
		{BF9BFE7E-FA7D-4FF9-BDA0-CEEFC344B39E}.Debug|Any CPU.ActiveCfg = Debug|Any CPU
		{BF9BFE7E-FA7D-4FF9-BDA0-CEEFC344B39E}.Debug|Any CPU.Build.0 = Debug|Any CPU
		{BF9BFE7E-FA7D-4FF9-BDA0-CEEFC344B39E}.Release|Any CPU.ActiveCfg = Release|Any CPU
		{BF9BFE7E-FA7D-4FF9-BDA0-CEEFC344B39E}.Release|Any CPU.Build.0 = Release|Any CPU
		{2CA2D5F6-2496-45DD-B58C-62BEEAEA6D9D}.Debug|Any CPU.ActiveCfg = Debug|Any CPU
		{2CA2D5F6-2496-45DD-B58C-62BEEAEA6D9D}.Debug|Any CPU.Build.0 = Debug|Any CPU
		{2CA2D5F6-2496-45DD-B58C-62BEEAEA6D9D}.Release|Any CPU.ActiveCfg = Release|Any CPU
		{2CA2D5F6-2496-45DD-B58C-62BEEAEA6D9D}.Release|Any CPU.Build.0 = Release|Any CPU
		{1F34FF50-61F1-483E-A80C-2B23B5320A84}.Debug|Any CPU.ActiveCfg = Debug|Any CPU
		{1F34FF50-61F1-483E-A80C-2B23B5320A84}.Debug|Any CPU.Build.0 = Debug|Any CPU
		{1F34FF50-61F1-483E-A80C-2B23B5320A84}.Release|Any CPU.ActiveCfg = Release|Any CPU
		{1F34FF50-61F1-483E-A80C-2B23B5320A84}.Release|Any CPU.Build.0 = Release|Any CPU
		{66311AA8-6427-4B6A-840A-0E8C6D0A2B05}.Debug|Any CPU.ActiveCfg = Debug|Any CPU
		{66311AA8-6427-4B6A-840A-0E8C6D0A2B05}.Debug|Any CPU.Build.0 = Debug|Any CPU
		{66311AA8-6427-4B6A-840A-0E8C6D0A2B05}.Release|Any CPU.ActiveCfg = Release|Any CPU
		{66311AA8-6427-4B6A-840A-0E8C6D0A2B05}.Release|Any CPU.Build.0 = Release|Any CPU
		{0E838B00-E65F-4A74-A9AA-F01B945D5821}.Debug|Any CPU.ActiveCfg = Debug|Any CPU
		{0E838B00-E65F-4A74-A9AA-F01B945D5821}.Debug|Any CPU.Build.0 = Debug|Any CPU
		{0E838B00-E65F-4A74-A9AA-F01B945D5821}.Release|Any CPU.ActiveCfg = Release|Any CPU
		{0E838B00-E65F-4A74-A9AA-F01B945D5821}.Release|Any CPU.Build.0 = Release|Any CPU
	EndGlobalSection
	GlobalSection(SolutionProperties) = preSolution
		HideSolutionNode = FALSE
	EndGlobalSection
	GlobalSection(ExtensibilityGlobals) = postSolution
		SolutionGuid = {E3769946-3B9C-4BA1-8130-C58AF29109BD}
	EndGlobalSection
EndGlobal
